
Microsoft Visual Studio Solution File, Format Version 12.00
# Visual Studio 15
VisualStudioVersion = 15.0.27703.2000
MinimumVisualStudioVersion = 10.0.40219.1
Project("{F184B08F-C81C-45F6-A57F-5ABD9991F28F}") = "PsyCenter", "PsyCenter\PsyCenter.vbproj", "{DA6A28FE-C3C4-4C7F-BE33-15B6BB8BF55B}"
EndProject
Global
	GlobalSection(SolutionConfigurationPlatforms) = preSolution
		Debug|Any CPU = Debug|Any CPU
		Release|Any CPU = Release|Any CPU
	EndGlobalSection
	GlobalSection(ProjectConfigurationPlatforms) = postSolution
		{DA6A28FE-C3C4-4C7F-BE33-15B6BB8BF55B}.Debug|Any CPU.ActiveCfg = Debug|Any CPU
		{DA6A28FE-C3C4-4C7F-BE33-15B6BB8BF55B}.Debug|Any CPU.Build.0 = Debug|Any CPU
		{DA6A28FE-C3C4-4C7F-BE33-15B6BB8BF55B}.Release|Any CPU.ActiveCfg = Release|Any CPU
		{DA6A28FE-C3C4-4C7F-BE33-15B6BB8BF55B}.Release|Any CPU.Build.0 = Release|Any CPU
	EndGlobalSection
	GlobalSection(SolutionProperties) = preSolution
		HideSolutionNode = FALSE
	EndGlobalSection
	GlobalSection(ExtensibilityGlobals) = postSolution
		SolutionGuid = {9D955BEB-B965-48A2-B6E9-132C70D297DE}
	EndGlobalSection
EndGlobal
